{
  "name": "Movil1",
  "lockfileVersion": 3,
  "requires": true,
  "packages": {
    "": {
      "dependencies": {
        "@ionic/pwa-elements": "^3.4.0"
      }
    },
    "node_modules/@ionic/pwa-elements": {
      "version": "3.4.0",
      "resolved": "https://registry.npmjs.org/@ionic/pwa-elements/-/pwa-elements-3.4.0.tgz",
      "integrity": "sha512-WmL7An4NOsvJvct4V/A8hudr+yXgLBHYmxzqWGsetZmzN7C6suLRS/KIh2P1t8cSYCYL7HRrbv8NrIChPkh6Ow==",
      "license": "MIT",
      "engines": {
        "node": ">=16.0.0",
        "npm": ">=8.0.0"
      }
    }
  }
}
